
Microsoft Visual Studio Solution File, Format Version 12.00
# Visual Studio Version 17
VisualStudioVersion = 17.11.35208.52
MinimumVisualStudioVersion = 10.0.40219.1
Project("{9A19103F-16F7-4668-BE54-9A1E7A4F7556}") = "WF_db", "WF_db.csproj", "{D841185D-115C-41DE-A222-17496A0D32FD}"
EndProject
Global
	GlobalSection(SolutionConfigurationPlatforms) = preSolution
		Debug|Any CPU = Debug|Any CPU
		Release|Any CPU = Release|Any CPU
	EndGlobalSection
	GlobalSection(ProjectConfigurationPlatforms) = postSolution
		{D841185D-115C-41DE-A222-17496A0D32FD}.Debug|Any CPU.ActiveCfg = Debug|Any CPU
		{D841185D-115C-41DE-A222-17496A0D32FD}.Debug|Any CPU.Build.0 = Debug|Any CPU
		{D841185D-115C-41DE-A222-17496A0D32FD}.Release|Any CPU.ActiveCfg = Release|Any CPU
		{D841185D-115C-41DE-A222-17496A0D32FD}.Release|Any CPU.Build.0 = Release|Any CPU
	EndGlobalSection
	GlobalSection(SolutionProperties) = preSolution
		HideSolutionNode = FALSE
	EndGlobalSection
	GlobalSection(ExtensibilityGlobals) = postSolution
		SolutionGuid = {50E4E757-4EEE-4EB2-9045-274AC81C320D}
	EndGlobalSection
EndGlobal
